
Microsoft Visual Studio Solution File, Format Version 12.00
# Visual Studio Version 17
VisualStudioVersion = 17.11.35327.3
MinimumVisualStudioVersion = 10.0.40219.1
Project("{FAE04EC0-301F-11D3-BF4B-00C04F79EFBC}") = "Avaruuspeli", "Avaruuspeli\Avaruuspeli.csproj", "{208D7075-0BDC-479A-AF9E-1EE49B1A0DD4}"
EndProject
Global
	GlobalSection(SolutionConfigurationPlatforms) = preSolution
		Debug|Any CPU = Debug|Any CPU
		Release|Any CPU = Release|Any CPU
	EndGlobalSection
	GlobalSection(ProjectConfigurationPlatforms) = postSolution
		{208D7075-0BDC-479A-AF9E-1EE49B1A0DD4}.Debug|Any CPU.ActiveCfg = Debug|Any CPU
		{208D7075-0BDC-479A-AF9E-1EE49B1A0DD4}.Debug|Any CPU.Build.0 = Debug|Any CPU
		{208D7075-0BDC-479A-AF9E-1EE49B1A0DD4}.Release|Any CPU.ActiveCfg = Release|Any CPU
		{208D7075-0BDC-479A-AF9E-1EE49B1A0DD4}.Release|Any CPU.Build.0 = Release|Any CPU
	EndGlobalSection
	GlobalSection(SolutionProperties) = preSolution
		HideSolutionNode = FALSE
	EndGlobalSection
	GlobalSection(ExtensibilityGlobals) = postSolution
		SolutionGuid = {9CEDCEA9-8BE9-4A09-BD52-3598F2D50E42}
	EndGlobalSection
EndGlobal
